{
  "name": "matrix-client-expressive",
  "version": "1.0.0",
  "lockfileVersion": 3,
  "requires": true,
  "packages": {
    "": {
      "name": "matrix-client-expressive",
      "version": "1.0.0",
      "license": "MIT",
      "dependencies": {
        "react": "18.2.0",
        "react-native": "0.73.0",
        "@react-navigation/native": "^6.1.0",
        "@react-navigation/bottom-tabs": "^6.5.0",
        "react-native-screens": "^3.26.0",
        "react-native-safe-area-context": "^4.7.0",
        "react-native-vector-icons": "^10.0.0",
        "@react-native-async-storage/async-storage": "^1.20.0",
        "zustand": "^4.4.0",
        "crypto-js": "^4.1.1",
        "axios": "^1.6.0",
        "matrix-js-sdk": "^32.0.0",
        "react-native-gesture-handler": "^2.14.0",
        "react-native-paper": "^5.10.0"
      },
      "devDependencies": {
        "@babel/core": "^7.23.0",
        "@babel/preset-env": "^7.23.0",
        "@babel/preset-react": "^7.23.0",
        "@babel/preset-typescript": "^7.23.0",
        "@react-native/babel-preset": "0.73.0",
        "@react-native/eslint-config": "0.73.0",
        "@react-native/metro-config": "0.73.0",
        "@types/jest": "^29.5.0",
        "@types/react": "^18.2.0",
        "@types/react-native": "^0.73.0",
        "babel-jest": "^29.7.0",
        "eslint": "^8.51.0",
        "jest": "^29.7.0",
        "metro-react-native-babel-transformer": "0.73.0",
        "prettier": "^3.0.0",
        "typescript": "^5.3.0"
      }
    },
    "node_modules/react": {
      "version": "18.2.0",
      "resolved": "https://registry.npmjs.org/react/-/react-18.2.0.tgz",
      "integrity": "sha512-/3IjMDB2cBddQVePMJVUNMkhl8wBgKVH3w94LvCsxDEsFilRe5ad8MjB2v4YT8KBMNOccqQo/35ScaG6jFA5yA==",
      "dependencies": {
        "loose-envify": "^1.1.0"
      },
      "engines": {
        "node": ">=0.10.0"
      }
    },
    "node_modules/react-native": {
      "version": "0.73.0",
      "resolved": "https://registry.npmjs.org/react-native/-/react-native-0.73.0.tgz",
      "integrity": "sha512-v6w7OsL5jDXeC8pHpXl6rRa5I8UGCVS7+gxBH3dH4Hd8h6UH1F8k6K3CkF1vxeJkXjxGRdMKwEq0FBLddCqHA=="
    },
    "node_modules/zustand": {
      "version": "4.4.0",
      "resolved": "https://registry.npmjs.org/zustand/-/zustand-4.4.0.tgz",
      "integrity": "sha512-00EE2l+w9oF0u4M9RcSuKJfI2nMvNqZs1khmUHTQhBzXWWLB+jBvH0n3VhMvLJq8J4R9t6xPXJJb7T5l/A3qOQ=="
    },
    "node_modules/crypto-js": {
      "version": "4.1.1",
      "resolved": "https://registry.npmjs.org/crypto-js/-/crypto-js-4.1.1.tgz",
      "integrity": "sha512-o2JlM7ydqd3Qk9CA0L4NL6mTzU2sdgJKp+86Z5IeUففJ4KUy51Z6zo6P9x8KJcT4A6BkUKsJ+dbnTW3sMLCQ=="
    },
    "node_modules/axios": {
      "version": "1.6.0",
      "resolved": "https://registry.npmjs.org/axios/-/axios-1.6.0.tgz",
      "integrity": "sha512-V8l4dqqIEqCqIl2FhxCRzJ2CxoxFWLa3L0mDfKqPGLLQ4LWCrfMxk3WvIY6CrqBwvHO3RQkuP9eHpWpwp8Xl5Q=="
    },
    "node_modules/loose-envify": {
      "version": "1.4.0",
      "resolved": "https://registry.npmjs.org/loose-envify/-/loose-envify-1.4.0.tgz",
      "integrity": "sha512-lyuxPGr/wvjpsPlD5tPTM2UwrCEzяпil9DIjPqvAsNXw/agzNB+euYc25MRl75wjObCRLSApck6YUJR3FjpjQ=="
    }
  }
}
